// !$*UTF8*$!
{
	archiveVersion = 1;
	classes = {
	};
	objectVersion = 46;
	objects = {

/* Begin PBXBuildFile section */
		25F07B8DBF02DDBA1BF3EEA4 /* libPods-OngsDonate.a in Frameworks */ = {isa = PBXBuildFile; fileRef = 5EF7AAD9D6138C8B436A8F5D /* libPods-OngsDonate.a */; };
		FA6332661B8B33610029D46E /* main.m in Sources */ = {isa = PBXBuildFile; fileRef = FA6332651B8B33610029D46E /* main.m */; };
		FA6332691B8B33610029D46E /* AppDelegate.m in Sources */ = {isa = PBXBuildFile; fileRef = FA6332681B8B33610029D46E /* AppDelegate.m */; };
		FA63326F1B8B33610029D46E /* Main.storyboard in Resources */ = {isa = PBXBuildFile; fileRef = FA63326D1B8B33610029D46E /* Main.storyboard */; };
		FA6332711B8B33610029D46E /* Images.xcassets in Resources */ = {isa = PBXBuildFile; fileRef = FA6332701B8B33610029D46E /* Images.xcassets */; };
		FA6332741B8B33610029D46E /* LaunchScreen.xib in Resources */ = {isa = PBXBuildFile; fileRef = FA6332721B8B33610029D46E /* LaunchScreen.xib */; };
		FA6332801B8B33610029D46E /* OngsDonateTests.m in Sources */ = {isa = PBXBuildFile; fileRef = FA63327F1B8B33610029D46E /* OngsDonateTests.m */; };
		FAA486601BA3B0C400992085 /* ODInitialView.m in Sources */ = {isa = PBXBuildFile; fileRef = FAA4865F1BA3B0C400992085 /* ODInitialView.m */; };
		FAA486631BA3B0E000992085 /* ODInitialViewController.m in Sources */ = {isa = PBXBuildFile; fileRef = FAA486621BA3B0E000992085 /* ODInitialViewController.m */; };
		FAB9DC071BA4B01D00A9FA4E /* ODTextField.m in Sources */ = {isa = PBXBuildFile; fileRef = FAB9DC061BA4B01D00A9FA4E /* ODTextField.m */; };
		FAB9DC0E1BA5DD3500A9FA4E /* UIColor+ODColors.m in Sources */ = {isa = PBXBuildFile; fileRef = FAB9DC0D1BA5DD3500A9FA4E /* UIColor+ODColors.m */; };
		FAB9DC111BA5EB9200A9FA4E /* ODButton.m in Sources */ = {isa = PBXBuildFile; fileRef = FAB9DC101BA5EB9200A9FA4E /* ODButton.m */; };
		FAB9DC171BA64D1B00A9FA4E /* ODLoginViewController.m in Sources */ = {isa = PBXBuildFile; fileRef = FAB9DC161BA64D1B00A9FA4E /* ODLoginViewController.m */; };
		FAE1B94E1BC487A8000CC65D /* UIFont+ODFonts.m in Sources */ = {isa = PBXBuildFile; fileRef = FAE1B94D1BC487A8000CC65D /* UIFont+ODFonts.m */; };
		FAE1B9651BC489FB000CC65D /* Futura LT Bold Oblique.ttf in Resources */ = {isa = PBXBuildFile; fileRef = FAE1B9511BC489FB000CC65D /* Futura LT Bold Oblique.ttf */; };
		FAE1B9661BC489FB000CC65D /* Futura LT Bold.ttf in Resources */ = {isa = PBXBuildFile; fileRef = FAE1B9521BC489FB000CC65D /* Futura LT Bold.ttf */; };
		FAE1B9671BC489FB000CC65D /* Futura LT Book Oblique.ttf in Resources */ = {isa = PBXBuildFile; fileRef = FAE1B9531BC489FB000CC65D /* Futura LT Book Oblique.ttf */; };
		FAE1B9681BC489FB000CC65D /* Futura LT Book.ttf in Resources */ = {isa = PBXBuildFile; fileRef = FAE1B9541BC489FB000CC65D /* Futura LT Book.ttf */; };
		FAE1B9691BC489FB000CC65D /* Futura LT Condensed Bold Oblique.ttf in Resources */ = {isa = PBXBuildFile; fileRef = FAE1B9551BC489FB000CC65D /* Futura LT Condensed Bold Oblique.ttf */; };
		FAE1B96A1BC489FB000CC65D /* Futura LT Condensed Bold.ttf in Resources */ = {isa = PBXBuildFile; fileRef = FAE1B9561BC489FB000CC65D /* Futura LT Condensed Bold.ttf */; };
		FAE1B96B1BC489FB000CC65D /* Futura LT Condensed Extra Bold Oblique.ttf in Resources */ = {isa = PBXBuildFile; fileRef = FAE1B9571BC489FB000CC65D /* Futura LT Condensed Extra Bold Oblique.ttf */; };
		FAE1B96C1BC489FB000CC65D /* Futura LT Condensed Extra Bold.ttf in Resources */ = {isa = PBXBuildFile; fileRef = FAE1B9581BC489FB000CC65D /* Futura LT Condensed Extra Bold.ttf */; };
		FAE1B96D1BC489FB000CC65D /* Futura LT Condensed Light Oblique.ttf in Resources */ = {isa = PBXBuildFile; fileRef = FAE1B9591BC489FB000CC65D /* Futura LT Condensed Light Oblique.ttf */; };
		FAE1B96E1BC489FB000CC65D /* Futura LT Condensed Light.ttf in Resources */ = {isa = PBXBuildFile; fileRef = FAE1B95A1BC489FB000CC65D /* Futura LT Condensed Light.ttf */; };
		FAE1B96F1BC489FB000CC65D /* Futura LT Condensed Medium Oblique.ttf in Resources */ = {isa = PBXBuildFile; fileRef = FAE1B95B1BC489FB000CC65D /* Futura LT Condensed Medium Oblique.ttf */; };
		FAE1B9701BC489FB000CC65D /* Futura LT Condensed Medium.ttf in Resources */ = {isa = PBXBuildFile; fileRef = FAE1B95C1BC489FB000CC65D /* Futura LT Condensed Medium.ttf */; };
		FAE1B9711BC489FB000CC65D /* Futura LT Extra Bold Oblique.ttf in Resources */ = {isa = PBXBuildFile; fileRef = FAE1B95D1BC489FB000CC65D /* Futura LT Extra Bold Oblique.ttf */; };
		FAE1B9721BC489FB000CC65D /* Futura LT Extra Bold.ttf in Resources */ = {isa = PBXBuildFile; fileRef = FAE1B95E1BC489FB000CC65D /* Futura LT Extra Bold.ttf */; };
		FAE1B9731BC489FB000CC65D /* Futura LT Heavy Oblique.ttf in Resources */ = {isa = PBXBuildFile; fileRef = FAE1B95F1BC489FB000CC65D /* Futura LT Heavy Oblique.ttf */; };
		FAE1B9741BC489FB000CC65D /* Futura LT Heavy.ttf in Resources */ = {isa = PBXBuildFile; fileRef = FAE1B9601BC489FB000CC65D /* Futura LT Heavy.ttf */; };
		FAE1B9751BC489FB000CC65D /* Futura LT Light Oblique.ttf in Resources */ = {isa = PBXBuildFile; fileRef = FAE1B9611BC489FB000CC65D /* Futura LT Light Oblique.ttf */; };
		FAE1B9761BC489FB000CC65D /* Futura LT Light.ttf in Resources */ = {isa = PBXBuildFile; fileRef = FAE1B9621BC489FB000CC65D /* Futura LT Light.ttf */; };
		FAE1B9771BC489FB000CC65D /* Futura LT Medium Oblique.ttf in Resources */ = {isa = PBXBuildFile; fileRef = FAE1B9631BC489FB000CC65D /* Futura LT Medium Oblique.ttf */; };
		FAE1B9781BC489FB000CC65D /* Futura LT Medium.ttf in Resources */ = {isa = PBXBuildFile; fileRef = FAE1B9641BC489FB000CC65D /* Futura LT Medium.ttf */; };
		FAE2378D1BC9C24D001AA4F5 /* ODBoldButton.m in Sources */ = {isa = PBXBuildFile; fileRef = FAE2378C1BC9C24D001AA4F5 /* ODBoldButton.m */; };
		FAE237941BC9CD04001AA4F5 /* ODSignUpViewController.m in Sources */ = {isa = PBXBuildFile; fileRef = FAE237931BC9CD04001AA4F5 /* ODSignUpViewController.m */; };
		FAE237981BC9CD2A001AA4F5 /* ODSignUpView.m in Sources */ = {isa = PBXBuildFile; fileRef = FAE237971BC9CD2A001AA4F5 /* ODSignUpView.m */; };
		FAE2379D1BCA9315001AA4F5 /* ODLabel.m in Sources */ = {isa = PBXBuildFile; fileRef = FAE2379C1BCA9315001AA4F5 /* ODLabel.m */; };
		FAE237A01BCA936D001AA4F5 /* ODBoldLabel.m in Sources */ = {isa = PBXBuildFile; fileRef = FAE2379F1BCA936D001AA4F5 /* ODBoldLabel.m */; };
		FAE237A61BCA99A9001AA4F5 /* ODProfileImage.m in Sources */ = {isa = PBXBuildFile; fileRef = FAE237A51BCA99A9001AA4F5 /* ODProfileImage.m */; };
		FAE237A81BCA9A30001AA4F5 /* kayne.jpeg in Resources */ = {isa = PBXBuildFile; fileRef = FAE237A71BCA9A30001AA4F5 /* kayne.jpeg */; };
		FAE237AC1BCA9B5B001AA4F5 /* ODTabBarViewController.m in Sources */ = {isa = PBXBuildFile; fileRef = FAE237AB1BCA9B5B001AA4F5 /* ODTabBarViewController.m */; };
		FAE237B21BCA9D6F001AA4F5 /* ODProfileViewController.m in Sources */ = {isa = PBXBuildFile; fileRef = FAE237B11BCA9D6F001AA4F5 /* ODProfileViewController.m */; };
		FAE237B51BCA9E0C001AA4F5 /* ODEditProfileViewController.m in Sources */ = {isa = PBXBuildFile; fileRef = FAE237B41BCA9E0C001AA4F5 /* ODEditProfileViewController.m */; };
		FAE237B81BCBE7FD001AA4F5 /* ODMyHistoryTableViewController.m in Sources */ = {isa = PBXBuildFile; fileRef = FAE237B71BCBE7FD001AA4F5 /* ODMyHistoryTableViewController.m */; };
		FAE237BB1BCBF602001AA4F5 /* photo.png in Resources */ = {isa = PBXBuildFile; fileRef = FAE237BA1BCBF602001AA4F5 /* photo.png */; };
		FAE237BF1BCBF9CB001AA4F5 /* ODHomeViewController.m in Sources */ = {isa = PBXBuildFile; fileRef = FAE237BE1BCBF9CB001AA4F5 /* ODHomeViewController.m */; };
/* End PBXBuildFile section */

/* Begin PBXContainerItemProxy section */
		FA63327A1B8B33610029D46E /* PBXContainerItemProxy */ = {
			isa = PBXContainerItemProxy;
			containerPortal = FA6332581B8B33610029D46E /* Project object */;
			proxyType = 1;
			remoteGlobalIDString = FA63325F1B8B33610029D46E;
			remoteInfo = OngsDonate;
		};
/* End PBXContainerItemProxy section */

/* Begin PBXFileReference section */
		16F794CE987025BFC1523592 /* Pods-OngsDonate.debug.xcconfig */ = {isa = PBXFileReference; includeInIndex = 1; lastKnownFileType = text.xcconfig; name = "Pods-OngsDonate.debug.xcconfig"; path = "Pods/Target Support Files/Pods-OngsDonate/Pods-OngsDonate.debug.xcconfig"; sourceTree = "<group>"; };
		5EF7AAD9D6138C8B436A8F5D /* libPods-OngsDonate.a */ = {isa = PBXFileReference; explicitFileType = archive.ar; includeInIndex = 0; path = "libPods-OngsDonate.a"; sourceTree = BUILT_PRODUCTS_DIR; };
		9C332DB3ED9D65004C88531A /* Pods-OngsDonate.release.xcconfig */ = {isa = PBXFileReference; includeInIndex = 1; lastKnownFileType = text.xcconfig; name = "Pods-OngsDonate.release.xcconfig"; path = "Pods/Target Support Files/Pods-OngsDonate/Pods-OngsDonate.release.xcconfig"; sourceTree = "<group>"; };
		FA6332601B8B33610029D46E /* OngsDonate.app */ = {isa = PBXFileReference; explicitFileType = wrapper.application; includeInIndex = 0; path = OngsDonate.app; sourceTree = BUILT_PRODUCTS_DIR; };
		FA6332641B8B33610029D46E /* Info.plist */ = {isa = PBXFileReference; lastKnownFileType = text.plist.xml; path = Info.plist; sourceTree = "<group>"; };
		FA6332651B8B33610029D46E /* main.m */ = {isa = PBXFileReference; lastKnownFileType = sourcecode.c.objc; path = main.m; sourceTree = "<group>"; };
		FA6332671B8B33610029D46E /* AppDelegate.h */ = {isa = PBXFileReference; lastKnownFileType = sourcecode.c.h; path = AppDelegate.h; sourceTree = "<group>"; };
		FA6332681B8B33610029D46E /* AppDelegate.m */ = {isa = PBXFileReference; lastKnownFileType = sourcecode.c.objc; path = AppDelegate.m; sourceTree = "<group>"; };
		FA63326E1B8B33610029D46E /* Base */ = {isa = PBXFileReference; lastKnownFileType = file.storyboard; name = Base; path = Base.lproj/Main.storyboard; sourceTree = "<group>"; };
		FA6332701B8B33610029D46E /* Images.xcassets */ = {isa = PBXFileReference; lastKnownFileType = folder.assetcatalog; path = Images.xcassets; sourceTree = "<group>"; };
		FA6332731B8B33610029D46E /* Base */ = {isa = PBXFileReference; lastKnownFileType = file.xib; name = Base; path = Base.lproj/LaunchScreen.xib; sourceTree = "<group>"; };
		FA6332791B8B33610029D46E /* OngsDonateTests.xctest */ = {isa = PBXFileReference; explicitFileType = wrapper.cfbundle; includeInIndex = 0; path = OngsDonateTests.xctest; sourceTree = BUILT_PRODUCTS_DIR; };
		FA63327E1B8B33610029D46E /* Info.plist */ = {isa = PBXFileReference; lastKnownFileType = text.plist.xml; path = Info.plist; sourceTree = "<group>"; };
		FA63327F1B8B33610029D46E /* OngsDonateTests.m */ = {isa = PBXFileReference; lastKnownFileType = sourcecode.c.objc; path = OngsDonateTests.m; sourceTree = "<group>"; };
		FAA4865E1BA3B0C400992085 /* ODInitialView.h */ = {isa = PBXFileReference; fileEncoding = 4; lastKnownFileType = sourcecode.c.h; name = ODInitialView.h; path = Views/ODInitialView.h; sourceTree = "<group>"; };
		FAA4865F1BA3B0C400992085 /* ODInitialView.m */ = {isa = PBXFileReference; fileEncoding = 4; lastKnownFileType = sourcecode.c.objc; name = ODInitialView.m; path = Views/ODInitialView.m; sourceTree = "<group>"; };
		FAA486611BA3B0E000992085 /* ODInitialViewController.h */ = {isa = PBXFileReference; fileEncoding = 4; lastKnownFileType = sourcecode.c.h; name = ODInitialViewController.h; path = Controllers/ODInitialViewController.h; sourceTree = "<group>"; };
		FAA486621BA3B0E000992085 /* ODInitialViewController.m */ = {isa = PBXFileReference; fileEncoding = 4; lastKnownFileType = sourcecode.c.objc; name = ODInitialViewController.m; path = Controllers/ODInitialViewController.m; sourceTree = "<group>"; };
		FAB9DC051BA4B01D00A9FA4E /* ODTextField.h */ = {isa = PBXFileReference; fileEncoding = 4; lastKnownFileType = sourcecode.c.h; name = ODTextField.h; path = Components/ODTextField.h; sourceTree = "<group>"; };
		FAB9DC061BA4B01D00A9FA4E /* ODTextField.m */ = {isa = PBXFileReference; fileEncoding = 4; lastKnownFileType = sourcecode.c.objc; name = ODTextField.m; path = Components/ODTextField.m; sourceTree = "<group>"; };
		FAB9DC0C1BA5DD3500A9FA4E /* UIColor+ODColors.h */ = {isa = PBXFileReference; fileEncoding = 4; lastKnownFileType = sourcecode.c.h; name = "UIColor+ODColors.h"; path = "Constants/UIColor+ODColors.h"; sourceTree = "<group>"; };
		FAB9DC0D1BA5DD3500A9FA4E /* UIColor+ODColors.m */ = {isa = PBXFileReference; fileEncoding = 4; lastKnownFileType = sourcecode.c.objc; name = "UIColor+ODColors.m"; path = "Constants/UIColor+ODColors.m"; sourceTree = "<group>"; };
		FAB9DC0F1BA5EB9200A9FA4E /* ODButton.h */ = {isa = PBXFileReference; fileEncoding = 4; lastKnownFileType = sourcecode.c.h; name = ODButton.h; path = Components/ODButton.h; sourceTree = "<group>"; };
		FAB9DC101BA5EB9200A9FA4E /* ODButton.m */ = {isa = PBXFileReference; fileEncoding = 4; lastKnownFileType = sourcecode.c.objc; name = ODButton.m; path = Components/ODButton.m; sourceTree = "<group>"; };
		FAB9DC151BA64D1B00A9FA4E /* ODLoginViewController.h */ = {isa = PBXFileReference; fileEncoding = 4; lastKnownFileType = sourcecode.c.h; name = ODLoginViewController.h; path = Controllers/ODLoginViewController.h; sourceTree = "<group>"; };
		FAB9DC161BA64D1B00A9FA4E /* ODLoginViewController.m */ = {isa = PBXFileReference; fileEncoding = 4; lastKnownFileType = sourcecode.c.objc; name = ODLoginViewController.m; path = Controllers/ODLoginViewController.m; sourceTree = "<group>"; };
		FAE1B94C1BC487A8000CC65D /* UIFont+ODFonts.h */ = {isa = PBXFileReference; fileEncoding = 4; lastKnownFileType = sourcecode.c.h; name = "UIFont+ODFonts.h"; path = "Constants/UIFont+ODFonts.h"; sourceTree = "<group>"; };
		FAE1B94D1BC487A8000CC65D /* UIFont+ODFonts.m */ = {isa = PBXFileReference; fileEncoding = 4; lastKnownFileType = sourcecode.c.objc; name = "UIFont+ODFonts.m"; path = "Constants/UIFont+ODFonts.m"; sourceTree = "<group>"; };
		FAE1B9511BC489FB000CC65D /* Futura LT Bold Oblique.ttf */ = {isa = PBXFileReference; lastKnownFileType = file; path = "Futura LT Bold Oblique.ttf"; sourceTree = "<group>"; };
		FAE1B9521BC489FB000CC65D /* Futura LT Bold.ttf */ = {isa = PBXFileReference; lastKnownFileType = file; path = "Futura LT Bold.ttf"; sourceTree = "<group>"; };
		FAE1B9531BC489FB000CC65D /* Futura LT Book Oblique.ttf */ = {isa = PBXFileReference; lastKnownFileType = file; path = "Futura LT Book Oblique.ttf"; sourceTree = "<group>"; };
		FAE1B9541BC489FB000CC65D /* Futura LT Book.ttf */ = {isa = PBXFileReference; lastKnownFileType = file; path = "Futura LT Book.ttf"; sourceTree = "<group>"; };
		FAE1B9551BC489FB000CC65D /* Futura LT Condensed Bold Oblique.ttf */ = {isa = PBXFileReference; lastKnownFileType = file; path = "Futura LT Condensed Bold Oblique.ttf"; sourceTree = "<group>"; };
		FAE1B9561BC489FB000CC65D /* Futura LT Condensed Bold.ttf */ = {isa = PBXFileReference; lastKnownFileType = file; path = "Futura LT Condensed Bold.ttf"; sourceTree = "<group>"; };
		FAE1B9571BC489FB000CC65D /* Futura LT Condensed Extra Bold Oblique.ttf */ = {isa = PBXFileReference; lastKnownFileType = file; path = "Futura LT Condensed Extra Bold Oblique.ttf"; sourceTree = "<group>"; };
		FAE1B9581BC489FB000CC65D /* Futura LT Condensed Extra Bold.ttf */ = {isa = PBXFileReference; lastKnownFileType = file; path = "Futura LT Condensed Extra Bold.ttf"; sourceTree = "<group>"; };
		FAE1B9591BC489FB000CC65D /* Futura LT Condensed Light Oblique.ttf */ = {isa = PBXFileReference; lastKnownFileType = file; path = "Futura LT Condensed Light Oblique.ttf"; sourceTree = "<group>"; };
		FAE1B95A1BC489FB000CC65D /* Futura LT Condensed Light.ttf */ = {isa = PBXFileReference; lastKnownFileType = file; path = "Futura LT Condensed Light.ttf"; sourceTree = "<group>"; };
		FAE1B95B1BC489FB000CC65D /* Futura LT Condensed Medium Oblique.ttf */ = {isa = PBXFileReference; lastKnownFileType = file; path = "Futura LT Condensed Medium Oblique.ttf"; sourceTree = "<group>"; };
		FAE1B95C1BC489FB000CC65D /* Futura LT Condensed Medium.ttf */ = {isa = PBXFileReference; lastKnownFileType = file; path = "Futura LT Condensed Medium.ttf"; sourceTree = "<group>"; };
		FAE1B95D1BC489FB000CC65D /* Futura LT Extra Bold Oblique.ttf */ = {isa = PBXFileReference; lastKnownFileType = file; path = "Futura LT Extra Bold Oblique.ttf"; sourceTree = "<group>"; };
		FAE1B95E1BC489FB000CC65D /* Futura LT Extra Bold.ttf */ = {isa = PBXFileReference; lastKnownFileType = file; path = "Futura LT Extra Bold.ttf"; sourceTree = "<group>"; };
		FAE1B95F1BC489FB000CC65D /* Futura LT Heavy Oblique.ttf */ = {isa = PBXFileReference; lastKnownFileType = file; path = "Futura LT Heavy Oblique.ttf"; sourceTree = "<group>"; };
		FAE1B9601BC489FB000CC65D /* Futura LT Heavy.ttf */ = {isa = PBXFileReference; lastKnownFileType = file; path = "Futura LT Heavy.ttf"; sourceTree = "<group>"; };
		FAE1B9611BC489FB000CC65D /* Futura LT Light Oblique.ttf */ = {isa = PBXFileReference; lastKnownFileType = file; path = "Futura LT Light Oblique.ttf"; sourceTree = "<group>"; };
		FAE1B9621BC489FB000CC65D /* Futura LT Light.ttf */ = {isa = PBXFileReference; lastKnownFileType = file; path = "Futura LT Light.ttf"; sourceTree = "<group>"; };
		FAE1B9631BC489FB000CC65D /* Futura LT Medium Oblique.ttf */ = {isa = PBXFileReference; lastKnownFileType = file; path = "Futura LT Medium Oblique.ttf"; sourceTree = "<group>"; };
		FAE1B9641BC489FB000CC65D /* Futura LT Medium.ttf */ = {isa = PBXFileReference; lastKnownFileType = file; path = "Futura LT Medium.ttf"; sourceTree = "<group>"; };
		FAE2378B1BC9C24D001AA4F5 /* ODBoldButton.h */ = {isa = PBXFileReference; fileEncoding = 4; lastKnownFileType = sourcecode.c.h; name = ODBoldButton.h; path = Components/ODBoldButton.h; sourceTree = "<group>"; };
		FAE2378C1BC9C24D001AA4F5 /* ODBoldButton.m */ = {isa = PBXFileReference; fileEncoding = 4; lastKnownFileType = sourcecode.c.objc; name = ODBoldButton.m; path = Components/ODBoldButton.m; sourceTree = "<group>"; };
		FAE237921BC9CD04001AA4F5 /* ODSignUpViewController.h */ = {isa = PBXFileReference; fileEncoding = 4; lastKnownFileType = sourcecode.c.h; name = ODSignUpViewController.h; path = "Controllers/Sign Up/ODSignUpViewController.h"; sourceTree = "<group>"; };
		FAE237931BC9CD04001AA4F5 /* ODSignUpViewController.m */ = {isa = PBXFileReference; fileEncoding = 4; lastKnownFileType = sourcecode.c.objc; name = ODSignUpViewController.m; path = "Controllers/Sign Up/ODSignUpViewController.m"; sourceTree = "<group>"; };
		FAE237961BC9CD2A001AA4F5 /* ODSignUpView.h */ = {isa = PBXFileReference; fileEncoding = 4; lastKnownFileType = sourcecode.c.h; name = ODSignUpView.h; path = "Views/Sign Up/ODSignUpView.h"; sourceTree = "<group>"; };
		FAE237971BC9CD2A001AA4F5 /* ODSignUpView.m */ = {isa = PBXFileReference; fileEncoding = 4; lastKnownFileType = sourcecode.c.objc; name = ODSignUpView.m; path = "Views/Sign Up/ODSignUpView.m"; sourceTree = "<group>"; };
		FAE2379B1BCA9315001AA4F5 /* ODLabel.h */ = {isa = PBXFileReference; fileEncoding = 4; lastKnownFileType = sourcecode.c.h; name = ODLabel.h; path = Components/ODLabel.h; sourceTree = "<group>"; };
		FAE2379C1BCA9315001AA4F5 /* ODLabel.m */ = {isa = PBXFileReference; fileEncoding = 4; lastKnownFileType = sourcecode.c.objc; name = ODLabel.m; path = Components/ODLabel.m; sourceTree = "<group>"; };
		FAE2379E1BCA936D001AA4F5 /* ODBoldLabel.h */ = {isa = PBXFileReference; fileEncoding = 4; lastKnownFileType = sourcecode.c.h; name = ODBoldLabel.h; path = Components/ODBoldLabel.h; sourceTree = "<group>"; };
		FAE2379F1BCA936D001AA4F5 /* ODBoldLabel.m */ = {isa = PBXFileReference; fileEncoding = 4; lastKnownFileType = sourcecode.c.objc; name = ODBoldLabel.m; path = Components/ODBoldLabel.m; sourceTree = "<group>"; };
		FAE237A41BCA99A9001AA4F5 /* ODProfileImage.h */ = {isa = PBXFileReference; fileEncoding = 4; lastKnownFileType = sourcecode.c.h; name = ODProfileImage.h; path = Components/ODProfileImage.h; sourceTree = "<group>"; };
		FAE237A51BCA99A9001AA4F5 /* ODProfileImage.m */ = {isa = PBXFileReference; fileEncoding = 4; lastKnownFileType = sourcecode.c.objc; name = ODProfileImage.m; path = Components/ODProfileImage.m; sourceTree = "<group>"; };
		FAE237A71BCA9A30001AA4F5 /* kayne.jpeg */ = {isa = PBXFileReference; lastKnownFileType = image.jpeg; path = kayne.jpeg; sourceTree = "<group>"; };
		FAE237AA1BCA9B5B001AA4F5 /* ODTabBarViewController.h */ = {isa = PBXFileReference; fileEncoding = 4; lastKnownFileType = sourcecode.c.h; name = ODTabBarViewController.h; path = Controllers/TabBar/ODTabBarViewController.h; sourceTree = "<group>"; };
		FAE237AB1BCA9B5B001AA4F5 /* ODTabBarViewController.m */ = {isa = PBXFileReference; fileEncoding = 4; lastKnownFileType = sourcecode.c.objc; name = ODTabBarViewController.m; path = Controllers/TabBar/ODTabBarViewController.m; sourceTree = "<group>"; };
		FAE237B01BCA9D6F001AA4F5 /* ODProfileViewController.h */ = {isa = PBXFileReference; fileEncoding = 4; lastKnownFileType = sourcecode.c.h; name = ODProfileViewController.h; path = Controllers/Profile/Index/ODProfileViewController.h; sourceTree = "<group>"; };
		FAE237B11BCA9D6F001AA4F5 /* ODProfileViewController.m */ = {isa = PBXFileReference; fileEncoding = 4; lastKnownFileType = sourcecode.c.objc; name = ODProfileViewController.m; path = Controllers/Profile/Index/ODProfileViewController.m; sourceTree = "<group>"; };
		FAE237B31BCA9E0C001AA4F5 /* ODEditProfileViewController.h */ = {isa = PBXFileReference; fileEncoding = 4; lastKnownFileType = sourcecode.c.h; name = ODEditProfileViewController.h; path = "Controllers/Profile/Edit Profile/ODEditProfileViewController.h"; sourceTree = "<group>"; };
		FAE237B41BCA9E0C001AA4F5 /* ODEditProfileViewController.m */ = {isa = PBXFileReference; fileEncoding = 4; lastKnownFileType = sourcecode.c.objc; name = ODEditProfileViewController.m; path = "Controllers/Profile/Edit Profile/ODEditProfileViewController.m"; sourceTree = "<group>"; };
		FAE237B61BCBE7FD001AA4F5 /* ODMyHistoryTableViewController.h */ = {isa = PBXFileReference; fileEncoding = 4; lastKnownFileType = sourcecode.c.h; name = ODMyHistoryTableViewController.h; path = "Controllers/My History/ODMyHistoryTableViewController.h"; sourceTree = "<group>"; };
		FAE237B71BCBE7FD001AA4F5 /* ODMyHistoryTableViewController.m */ = {isa = PBXFileReference; fileEncoding = 4; lastKnownFileType = sourcecode.c.objc; name = ODMyHistoryTableViewController.m; path = "Controllers/My History/ODMyHistoryTableViewController.m"; sourceTree = "<group>"; };
		FAE237BA1BCBF602001AA4F5 /* photo.png */ = {isa = PBXFileReference; lastKnownFileType = image.png; path = photo.png; sourceTree = "<group>"; };
		FAE237BD1BCBF9CB001AA4F5 /* ODHomeViewController.h */ = {isa = PBXFileReference; fileEncoding = 4; lastKnownFileType = sourcecode.c.h; name = ODHomeViewController.h; path = Controllers/Home/ODHomeViewController.h; sourceTree = "<group>"; };
		FAE237BE1BCBF9CB001AA4F5 /* ODHomeViewController.m */ = {isa = PBXFileReference; fileEncoding = 4; lastKnownFileType = sourcecode.c.objc; name = ODHomeViewController.m; path = Controllers/Home/ODHomeViewController.m; sourceTree = "<group>"; };
/* End PBXFileReference section */

/* Begin PBXFrameworksBuildPhase section */
		FA63325D1B8B33610029D46E /* Frameworks */ = {
			isa = PBXFrameworksBuildPhase;
			buildActionMask = 2147483647;
			files = (
				25F07B8DBF02DDBA1BF3EEA4 /* libPods-OngsDonate.a in Frameworks */,
			);
			runOnlyForDeploymentPostprocessing = 0;
		};
		FA6332761B8B33610029D46E /* Frameworks */ = {
			isa = PBXFrameworksBuildPhase;
			buildActionMask = 2147483647;
			files = (
			);
			runOnlyForDeploymentPostprocessing = 0;
		};
/* End PBXFrameworksBuildPhase section */

/* Begin PBXGroup section */
		01E12B752E7E9EA493045F55 /* Pods */ = {
			isa = PBXGroup;
			children = (
				16F794CE987025BFC1523592 /* Pods-OngsDonate.debug.xcconfig */,
				9C332DB3ED9D65004C88531A /* Pods-OngsDonate.release.xcconfig */,
			);
			name = Pods;
			sourceTree = "<group>";
		};
		D81DB25EBE52C89B12ED765E /* Frameworks */ = {
			isa = PBXGroup;
			children = (
				5EF7AAD9D6138C8B436A8F5D /* libPods-OngsDonate.a */,
			);
			name = Frameworks;
			sourceTree = "<group>";
		};
		FA6332571B8B33610029D46E = {
			isa = PBXGroup;
			children = (
				FA6332621B8B33610029D46E /* OngsDonate */,
				FA63327C1B8B33610029D46E /* OngsDonateTests */,
				FA6332611B8B33610029D46E /* Products */,
				01E12B752E7E9EA493045F55 /* Pods */,
				D81DB25EBE52C89B12ED765E /* Frameworks */,
			);
			sourceTree = "<group>";
		};
		FA6332611B8B33610029D46E /* Products */ = {
			isa = PBXGroup;
			children = (
				FA6332601B8B33610029D46E /* OngsDonate.app */,
				FA6332791B8B33610029D46E /* OngsDonateTests.xctest */,
			);
			name = Products;
			sourceTree = "<group>";
		};
		FA6332621B8B33610029D46E /* OngsDonate */ = {
			isa = PBXGroup;
			children = (
				FAE1B94F1BC48995000CC65D /* Fonts */,
				FAB9DC081BA4B0E200A9FA4E /* Constants */,
				FAB9DC041BA4AFCD00A9FA4E /* Components */,
				FAA4865D1BA3AFDA00992085 /* Views */,
				FAA4865C1BA3AFD300992085 /* Models */,
				FAA4865B1BA3AFC500992085 /* Controllers */,
				FAA4865A1BA3AFAE00992085 /* Connection */,
				FAE237A71BCA9A30001AA4F5 /* kayne.jpeg */,
				FAE237BA1BCBF602001AA4F5 /* photo.png */,
				FA6332671B8B33610029D46E /* AppDelegate.h */,
				FA6332681B8B33610029D46E /* AppDelegate.m */,
				FA63326D1B8B33610029D46E /* Main.storyboard */,
				FA6332701B8B33610029D46E /* Images.xcassets */,
				FA6332721B8B33610029D46E /* LaunchScreen.xib */,
				FA6332631B8B33610029D46E /* Supporting Files */,
			);
			path = OngsDonate;
			sourceTree = "<group>";
		};
		FA6332631B8B33610029D46E /* Supporting Files */ = {
			isa = PBXGroup;
			children = (
				FA6332641B8B33610029D46E /* Info.plist */,
				FA6332651B8B33610029D46E /* main.m */,
			);
			name = "Supporting Files";
			sourceTree = "<group>";
		};
		FA63327C1B8B33610029D46E /* OngsDonateTests */ = {
			isa = PBXGroup;
			children = (
				FA63327F1B8B33610029D46E /* OngsDonateTests.m */,
				FA63327D1B8B33610029D46E /* Supporting Files */,
			);
			path = OngsDonateTests;
			sourceTree = "<group>";
		};
		FA63327D1B8B33610029D46E /* Supporting Files */ = {
			isa = PBXGroup;
			children = (
				FA63327E1B8B33610029D46E /* Info.plist */,
			);
			name = "Supporting Files";
			sourceTree = "<group>";
		};
		FAA4865A1BA3AFAE00992085 /* Connection */ = {
			isa = PBXGroup;
			children = (
			);
			name = Connection;
			sourceTree = "<group>";
		};
		FAA4865B1BA3AFC500992085 /* Controllers */ = {
			isa = PBXGroup;
			children = (
				FAE237BC1BCBF967001AA4F5 /* Home */,
				FAE237B91BCBE807001AA4F5 /* My History */,
				FAE237AD1BCA9BFA001AA4F5 /* Profile */,
				FAE237A91BCA9AE1001AA4F5 /* TabBar */,
				FAE237951BC9CD0A001AA4F5 /* Sign Up */,
				FAA486611BA3B0E000992085 /* ODInitialViewController.h */,
				FAA486621BA3B0E000992085 /* ODInitialViewController.m */,
				FAB9DC151BA64D1B00A9FA4E /* ODLoginViewController.h */,
				FAB9DC161BA64D1B00A9FA4E /* ODLoginViewController.m */,
			);
			name = Controllers;
			sourceTree = "<group>";
		};
		FAA4865C1BA3AFD300992085 /* Models */ = {
			isa = PBXGroup;
			children = (
			);
			name = Models;
			sourceTree = "<group>";
		};
		FAA4865D1BA3AFDA00992085 /* Views */ = {
			isa = PBXGroup;
			children = (
				FAE2378E1BC9CBF2001AA4F5 /* Sign Up */,
				FAA4865E1BA3B0C400992085 /* ODInitialView.h */,
				FAA4865F1BA3B0C400992085 /* ODInitialView.m */,
			);
			name = Views;
			sourceTree = "<group>";
		};
		FAB9DC041BA4AFCD00A9FA4E /* Components */ = {
			isa = PBXGroup;
			children = (
				FAB9DC051BA4B01D00A9FA4E /* ODTextField.h */,
				FAB9DC061BA4B01D00A9FA4E /* ODTextField.m */,
				FAB9DC0F1BA5EB9200A9FA4E /* ODButton.h */,
				FAB9DC101BA5EB9200A9FA4E /* ODButton.m */,
				FAE2378B1BC9C24D001AA4F5 /* ODBoldButton.h */,
				FAE2378C1BC9C24D001AA4F5 /* ODBoldButton.m */,
				FAE2379B1BCA9315001AA4F5 /* ODLabel.h */,
				FAE2379C1BCA9315001AA4F5 /* ODLabel.m */,
				FAE2379E1BCA936D001AA4F5 /* ODBoldLabel.h */,
				FAE2379F1BCA936D001AA4F5 /* ODBoldLabel.m */,
				FAE237A41BCA99A9001AA4F5 /* ODProfileImage.h */,
				FAE237A51BCA99A9001AA4F5 /* ODProfileImage.m */,
			);
			name = Components;
			sourceTree = "<group>";
		};
		FAB9DC081BA4B0E200A9FA4E /* Constants */ = {
			isa = PBXGroup;
			children = (
				FAB9DC0C1BA5DD3500A9FA4E /* UIColor+ODColors.h */,
				FAB9DC0D1BA5DD3500A9FA4E /* UIColor+ODColors.m */,
				FAE1B94C1BC487A8000CC65D /* UIFont+ODFonts.h */,
				FAE1B94D1BC487A8000CC65D /* UIFont+ODFonts.m */,
			);
			name = Constants;
			sourceTree = "<group>";
		};
		FAE1B94F1BC48995000CC65D /* Fonts */ = {
			isa = PBXGroup;
			children = (
				FAE1B9501BC489FB000CC65D /* Futura */,
			);
			name = Fonts;
			sourceTree = "<group>";
		};
		FAE1B9501BC489FB000CC65D /* Futura */ = {
			isa = PBXGroup;
			children = (
				FAE1B9511BC489FB000CC65D /* Futura LT Bold Oblique.ttf */,
				FAE1B9521BC489FB000CC65D /* Futura LT Bold.ttf */,
				FAE1B9531BC489FB000CC65D /* Futura LT Book Oblique.ttf */,
				FAE1B9541BC489FB000CC65D /* Futura LT Book.ttf */,
				FAE1B9551BC489FB000CC65D /* Futura LT Condensed Bold Oblique.ttf */,
				FAE1B9561BC489FB000CC65D /* Futura LT Condensed Bold.ttf */,
				FAE1B9571BC489FB000CC65D /* Futura LT Condensed Extra Bold Oblique.ttf */,
				FAE1B9581BC489FB000CC65D /* Futura LT Condensed Extra Bold.ttf */,
				FAE1B9591BC489FB000CC65D /* Futura LT Condensed Light Oblique.ttf */,
				FAE1B95A1BC489FB000CC65D /* Futura LT Condensed Light.ttf */,
				FAE1B95B1BC489FB000CC65D /* Futura LT Condensed Medium Oblique.ttf */,
				FAE1B95C1BC489FB000CC65D /* Futura LT Condensed Medium.ttf */,
				FAE1B95D1BC489FB000CC65D /* Futura LT Extra Bold Oblique.ttf */,
				FAE1B95E1BC489FB000CC65D /* Futura LT Extra Bold.ttf */,
				FAE1B95F1BC489FB000CC65D /* Futura LT Heavy Oblique.ttf */,
				FAE1B9601BC489FB000CC65D /* Futura LT Heavy.ttf */,
				FAE1B9611BC489FB000CC65D /* Futura LT Light Oblique.ttf */,
				FAE1B9621BC489FB000CC65D /* Futura LT Light.ttf */,
				FAE1B9631BC489FB000CC65D /* Futura LT Medium Oblique.ttf */,
				FAE1B9641BC489FB000CC65D /* Futura LT Medium.ttf */,
			);
			name = Futura;
			path = Fonts/Futura;
			sourceTree = "<group>";
		};
		FAE2378E1BC9CBF2001AA4F5 /* Sign Up */ = {
			isa = PBXGroup;
			children = (
				FAE237961BC9CD2A001AA4F5 /* ODSignUpView.h */,
				FAE237971BC9CD2A001AA4F5 /* ODSignUpView.m */,
			);
			name = "Sign Up";
			sourceTree = "<group>";
		};
		FAE237951BC9CD0A001AA4F5 /* Sign Up */ = {
			isa = PBXGroup;
			children = (
				FAE237921BC9CD04001AA4F5 /* ODSignUpViewController.h */,
				FAE237931BC9CD04001AA4F5 /* ODSignUpViewController.m */,
			);
			name = "Sign Up";
			sourceTree = "<group>";
		};
		FAE237A91BCA9AE1001AA4F5 /* TabBar */ = {
			isa = PBXGroup;
			children = (
				FAE237AA1BCA9B5B001AA4F5 /* ODTabBarViewController.h */,
				FAE237AB1BCA9B5B001AA4F5 /* ODTabBarViewController.m */,
			);
			name = TabBar;
			sourceTree = "<group>";
		};
		FAE237AD1BCA9BFA001AA4F5 /* Profile */ = {
			isa = PBXGroup;
			children = (
				FAE237AF1BCA9C17001AA4F5 /* Index */,
				FAE237AE1BCA9C06001AA4F5 /* Edit Profile */,
			);
			name = Profile;
			sourceTree = "<group>";
		};
		FAE237AE1BCA9C06001AA4F5 /* Edit Profile */ = {
			isa = PBXGroup;
			children = (
				FAE237B31BCA9E0C001AA4F5 /* ODEditProfileViewController.h */,
				FAE237B41BCA9E0C001AA4F5 /* ODEditProfileViewController.m */,
			);
			name = "Edit Profile";
			sourceTree = "<group>";
		};
		FAE237AF1BCA9C17001AA4F5 /* Index */ = {
			isa = PBXGroup;
			children = (
				FAE237B01BCA9D6F001AA4F5 /* ODProfileViewController.h */,
				FAE237B11BCA9D6F001AA4F5 /* ODProfileViewController.m */,
			);
			name = Index;
			sourceTree = "<group>";
		};
		FAE237B91BCBE807001AA4F5 /* My History */ = {
			isa = PBXGroup;
			children = (
				FAE237B61BCBE7FD001AA4F5 /* ODMyHistoryTableViewController.h */,
				FAE237B71BCBE7FD001AA4F5 /* ODMyHistoryTableViewController.m */,
			);
			name = "My History";
			sourceTree = "<group>";
		};
		FAE237BC1BCBF967001AA4F5 /* Home */ = {
			isa = PBXGroup;
			children = (
				FAE237BD1BCBF9CB001AA4F5 /* ODHomeViewController.h */,
				FAE237BE1BCBF9CB001AA4F5 /* ODHomeViewController.m */,
			);
			name = Home;
			sourceTree = "<group>";
		};
/* End PBXGroup section */

/* Begin PBXNativeTarget section */
		FA63325F1B8B33610029D46E /* OngsDonate */ = {
			isa = PBXNativeTarget;
			buildConfigurationList = FA6332831B8B33610029D46E /* Build configuration list for PBXNativeTarget "OngsDonate" */;
			buildPhases = (
				7B7755742AB028197AB69856 /* Check Pods Manifest.lock */,
				FA63325C1B8B33610029D46E /* Sources */,
				FA63325D1B8B33610029D46E /* Frameworks */,
				FA63325E1B8B33610029D46E /* Resources */,
				CA8636BCBBBBCE51D27BA95F /* Copy Pods Resources */,
			);
			buildRules = (
			);
			dependencies = (
			);
			name = OngsDonate;
			productName = OngsDonate;
			productReference = FA6332601B8B33610029D46E /* OngsDonate.app */;
			productType = "com.apple.product-type.application";
		};
		FA6332781B8B33610029D46E /* OngsDonateTests */ = {
			isa = PBXNativeTarget;
			buildConfigurationList = FA6332861B8B33610029D46E /* Build configuration list for PBXNativeTarget "OngsDonateTests" */;
			buildPhases = (
				FA6332751B8B33610029D46E /* Sources */,
				FA6332761B8B33610029D46E /* Frameworks */,
				FA6332771B8B33610029D46E /* Resources */,
			);
			buildRules = (
			);
			dependencies = (
				FA63327B1B8B33610029D46E /* PBXTargetDependency */,
			);
			name = OngsDonateTests;
			productName = OngsDonateTests;
			productReference = FA6332791B8B33610029D46E /* OngsDonateTests.xctest */;
			productType = "com.apple.product-type.bundle.unit-test";
		};
/* End PBXNativeTarget section */

/* Begin PBXProject section */
		FA6332581B8B33610029D46E /* Project object */ = {
			isa = PBXProject;
			attributes = {
				CLASSPREFIX = OD;
				LastUpgradeCheck = 0610;
				ORGANIZATIONNAME = ong;
				TargetAttributes = {
					FA63325F1B8B33610029D46E = {
						CreatedOnToolsVersion = 6.1;
					};
					FA6332781B8B33610029D46E = {
						CreatedOnToolsVersion = 6.1;
						TestTargetID = FA63325F1B8B33610029D46E;
					};
				};
			};
			buildConfigurationList = FA63325B1B8B33610029D46E /* Build configuration list for PBXProject "OngsDonate" */;
			compatibilityVersion = "Xcode 3.2";
			developmentRegion = English;
			hasScannedForEncodings = 0;
			knownRegions = (
				en,
				Base,
			);
			mainGroup = FA6332571B8B33610029D46E;
			productRefGroup = FA6332611B8B33610029D46E /* Products */;
			projectDirPath = "";
			projectRoot = "";
			targets = (
				FA63325F1B8B33610029D46E /* OngsDonate */,
				FA6332781B8B33610029D46E /* OngsDonateTests */,
			);
		};
/* End PBXProject section */

/* Begin PBXResourcesBuildPhase section */
		FA63325E1B8B33610029D46E /* Resources */ = {
			isa = PBXResourcesBuildPhase;
			buildActionMask = 2147483647;
			files = (
				FAE1B9741BC489FB000CC65D /* Futura LT Heavy.ttf in Resources */,
				FAE1B96D1BC489FB000CC65D /* Futura LT Condensed Light Oblique.ttf in Resources */,
				FA63326F1B8B33610029D46E /* Main.storyboard in Resources */,
				FAE1B9711BC489FB000CC65D /* Futura LT Extra Bold Oblique.ttf in Resources */,
				FA6332741B8B33610029D46E /* LaunchScreen.xib in Resources */,
				FA6332711B8B33610029D46E /* Images.xcassets in Resources */,
				FAE1B96E1BC489FB000CC65D /* Futura LT Condensed Light.ttf in Resources */,
				FAE1B9661BC489FB000CC65D /* Futura LT Bold.ttf in Resources */,
				FAE1B96B1BC489FB000CC65D /* Futura LT Condensed Extra Bold Oblique.ttf in Resources */,
				FAE1B9691BC489FB000CC65D /* Futura LT Condensed Bold Oblique.ttf in Resources */,
				FAE1B96C1BC489FB000CC65D /* Futura LT Condensed Extra Bold.ttf in Resources */,
				FAE1B9731BC489FB000CC65D /* Futura LT Heavy Oblique.ttf in Resources */,
				FAE1B96A1BC489FB000CC65D /* Futura LT Condensed Bold.ttf in Resources */,
				FAE1B9761BC489FB000CC65D /* Futura LT Light.ttf in Resources */,
				FAE237A81BCA9A30001AA4F5 /* kayne.jpeg in Resources */,
				FAE1B9651BC489FB000CC65D /* Futura LT Bold Oblique.ttf in Resources */,
				FAE1B9771BC489FB000CC65D /* Futura LT Medium Oblique.ttf in Resources */,
				FAE237BB1BCBF602001AA4F5 /* photo.png in Resources */,
				FAE1B9721BC489FB000CC65D /* Futura LT Extra Bold.ttf in Resources */,
				FAE1B9751BC489FB000CC65D /* Futura LT Light Oblique.ttf in Resources */,
				FAE1B9671BC489FB000CC65D /* Futura LT Book Oblique.ttf in Resources */,
				FAE1B9781BC489FB000CC65D /* Futura LT Medium.ttf in Resources */,
				FAE1B9701BC489FB000CC65D /* Futura LT Condensed Medium.ttf in Resources */,
				FAE1B96F1BC489FB000CC65D /* Futura LT Condensed Medium Oblique.ttf in Resources */,
				FAE1B9681BC489FB000CC65D /* Futura LT Book.ttf in Resources */,
			);
			runOnlyForDeploymentPostprocessing = 0;
		};
		FA6332771B8B33610029D46E /* Resources */ = {
			isa = PBXResourcesBuildPhase;
			buildActionMask = 2147483647;
			files = (
			);
			runOnlyForDeploymentPostprocessing = 0;
		};
/* End PBXResourcesBuildPhase section */

/* Begin PBXShellScriptBuildPhase section */
		7B7755742AB028197AB69856 /* Check Pods Manifest.lock */ = {
			isa = PBXShellScriptBuildPhase;
			buildActionMask = 2147483647;
			files = (
			);
			inputPaths = (
			);
			name = "Check Pods Manifest.lock";
			outputPaths = (
			);
			runOnlyForDeploymentPostprocessing = 0;
			shellPath = /bin/sh;
			shellScript = "diff \"${PODS_ROOT}/../Podfile.lock\" \"${PODS_ROOT}/Manifest.lock\" > /dev/null\nif [[ $? != 0 ]] ; then\n    cat << EOM\nerror: The sandbox is not in sync with the Podfile.lock. Run 'pod install' or update your CocoaPods installation.\nEOM\n    exit 1\nfi\n";
			showEnvVarsInLog = 0;
		};
		CA8636BCBBBBCE51D27BA95F /* Copy Pods Resources */ = {
			isa = PBXShellScriptBuildPhase;
			buildActionMask = 2147483647;
			files = (
			);
			inputPaths = (
			);
			name = "Copy Pods Resources";
			outputPaths = (
			);
			runOnlyForDeploymentPostprocessing = 0;
			shellPath = /bin/sh;
			shellScript = "\"${SRCROOT}/Pods/Target Support Files/Pods-OngsDonate/Pods-OngsDonate-resources.sh\"\n";
			showEnvVarsInLog = 0;
		};
/* End PBXShellScriptBuildPhase section */

/* Begin PBXSourcesBuildPhase section */
		FA63325C1B8B33610029D46E /* Sources */ = {
			isa = PBXSourcesBuildPhase;
			buildActionMask = 2147483647;
			files = (
				FAE237BF1BCBF9CB001AA4F5 /* ODHomeViewController.m in Sources */,
				FAE237B51BCA9E0C001AA4F5 /* ODEditProfileViewController.m in Sources */,
				FAA486631BA3B0E000992085 /* ODInitialViewController.m in Sources */,
				FAE237981BC9CD2A001AA4F5 /* ODSignUpView.m in Sources */,
				FAE237A61BCA99A9001AA4F5 /* ODProfileImage.m in Sources */,
				FAE237A01BCA936D001AA4F5 /* ODBoldLabel.m in Sources */,
				FAE237B81BCBE7FD001AA4F5 /* ODMyHistoryTableViewController.m in Sources */,
				FAE2378D1BC9C24D001AA4F5 /* ODBoldButton.m in Sources */,
				FAE2379D1BCA9315001AA4F5 /* ODLabel.m in Sources */,
				FAE237AC1BCA9B5B001AA4F5 /* ODTabBarViewController.m in Sources */,
				FA6332691B8B33610029D46E /* AppDelegate.m in Sources */,
				FAA486601BA3B0C400992085 /* ODInitialView.m in Sources */,
				FA6332661B8B33610029D46E /* main.m in Sources */,
				FAE237941BC9CD04001AA4F5 /* ODSignUpViewController.m in Sources */,
				FAE1B94E1BC487A8000CC65D /* UIFont+ODFonts.m in Sources */,
				FAB9DC111BA5EB9200A9FA4E /* ODButton.m in Sources */,
				FAB9DC171BA64D1B00A9FA4E /* ODLoginViewController.m in Sources */,
				FAE237B21BCA9D6F001AA4F5 /* ODProfileViewController.m in Sources */,
				FAB9DC071BA4B01D00A9FA4E /* ODTextField.m in Sources */,
				FAB9DC0E1BA5DD3500A9FA4E /* UIColor+ODColors.m in Sources */,
			);
			runOnlyForDeploymentPostprocessing = 0;
		};
		FA6332751B8B33610029D46E /* Sources */ = {
			isa = PBXSourcesBuildPhase;
			buildActionMask = 2147483647;
			files = (
				FA6332801B8B33610029D46E /* OngsDonateTests.m in Sources */,
			);
			runOnlyForDeploymentPostprocessing = 0;
		};
/* End PBXSourcesBuildPhase section */

/* Begin PBXTargetDependency section */
		FA63327B1B8B33610029D46E /* PBXTargetDependency */ = {
			isa = PBXTargetDependency;
			target = FA63325F1B8B33610029D46E /* OngsDonate */;
			targetProxy = FA63327A1B8B33610029D46E /* PBXContainerItemProxy */;
		};
/* End PBXTargetDependency section */

/* Begin PBXVariantGroup section */
		FA63326D1B8B33610029D46E /* Main.storyboard */ = {
			isa = PBXVariantGroup;
			children = (
				FA63326E1B8B33610029D46E /* Base */,
			);
			name = Main.storyboard;
			sourceTree = "<group>";
		};
		FA6332721B8B33610029D46E /* LaunchScreen.xib */ = {
			isa = PBXVariantGroup;
			children = (
				FA6332731B8B33610029D46E /* Base */,
			);
			name = LaunchScreen.xib;
			sourceTree = "<group>";
		};
/* End PBXVariantGroup section */

/* Begin XCBuildConfiguration section */
		FA6332811B8B33610029D46E /* Debug */ = {
			isa = XCBuildConfiguration;
			buildSettings = {
				ALWAYS_SEARCH_USER_PATHS = NO;
				CLANG_CXX_LANGUAGE_STANDARD = "gnu++0x";
				CLANG_CXX_LIBRARY = "libc++";
				CLANG_ENABLE_MODULES = YES;
				CLANG_ENABLE_OBJC_ARC = YES;
				CLANG_WARN_BOOL_CONVERSION = YES;
				CLANG_WARN_CONSTANT_CONVERSION = YES;
				CLANG_WARN_DIRECT_OBJC_ISA_USAGE = YES_ERROR;
				CLANG_WARN_EMPTY_BODY = YES;
				CLANG_WARN_ENUM_CONVERSION = YES;
				CLANG_WARN_INT_CONVERSION = YES;
				CLANG_WARN_OBJC_ROOT_CLASS = YES_ERROR;
				CLANG_WARN_UNREACHABLE_CODE = YES;
				CLANG_WARN__DUPLICATE_METHOD_MATCH = YES;
				"CODE_SIGN_IDENTITY[sdk=iphoneos*]" = "iPhone Developer";
				COPY_PHASE_STRIP = NO;
				ENABLE_STRICT_OBJC_MSGSEND = YES;
				GCC_C_LANGUAGE_STANDARD = gnu99;
				GCC_DYNAMIC_NO_PIC = NO;
				GCC_OPTIMIZATION_LEVEL = 0;
				GCC_PREPROCESSOR_DEFINITIONS = (
					"DEBUG=1",
					"$(inherited)",
				);
				GCC_SYMBOLS_PRIVATE_EXTERN = NO;
				GCC_WARN_64_TO_32_BIT_CONVERSION = YES;
				GCC_WARN_ABOUT_RETURN_TYPE = YES_ERROR;
				GCC_WARN_UNDECLARED_SELECTOR = YES;
				GCC_WARN_UNINITIALIZED_AUTOS = YES_AGGRESSIVE;
				GCC_WARN_UNUSED_FUNCTION = YES;
				GCC_WARN_UNUSED_VARIABLE = YES;
				IPHONEOS_DEPLOYMENT_TARGET = 8.1;
				MTL_ENABLE_DEBUG_INFO = YES;
				ONLY_ACTIVE_ARCH = YES;
				SDKROOT = iphoneos;
			};
			name = Debug;
		};
		FA6332821B8B33610029D46E /* Release */ = {
			isa = XCBuildConfiguration;
			buildSettings = {
				ALWAYS_SEARCH_USER_PATHS = NO;
				CLANG_CXX_LANGUAGE_STANDARD = "gnu++0x";
				CLANG_CXX_LIBRARY = "libc++";
				CLANG_ENABLE_MODULES = YES;
				CLANG_ENABLE_OBJC_ARC = YES;
				CLANG_WARN_BOOL_CONVERSION = YES;
				CLANG_WARN_CONSTANT_CONVERSION = YES;
				CLANG_WARN_DIRECT_OBJC_ISA_USAGE = YES_ERROR;
				CLANG_WARN_EMPTY_BODY = YES;
				CLANG_WARN_ENUM_CONVERSION = YES;
				CLANG_WARN_INT_CONVERSION = YES;
				CLANG_WARN_OBJC_ROOT_CLASS = YES_ERROR;
				CLANG_WARN_UNREACHABLE_CODE = YES;
				CLANG_WARN__DUPLICATE_METHOD_MATCH = YES;
				"CODE_SIGN_IDENTITY[sdk=iphoneos*]" = "iPhone Developer";
				COPY_PHASE_STRIP = YES;
				ENABLE_NS_ASSERTIONS = NO;
				ENABLE_STRICT_OBJC_MSGSEND = YES;
				GCC_C_LANGUAGE_STANDARD = gnu99;
				GCC_WARN_64_TO_32_BIT_CONVERSION = YES;
				GCC_WARN_ABOUT_RETURN_TYPE = YES_ERROR;
				GCC_WARN_UNDECLARED_SELECTOR = YES;
				GCC_WARN_UNINITIALIZED_AUTOS = YES_AGGRESSIVE;
				GCC_WARN_UNUSED_FUNCTION = YES;
				GCC_WARN_UNUSED_VARIABLE = YES;
				IPHONEOS_DEPLOYMENT_TARGET = 8.1;
				MTL_ENABLE_DEBUG_INFO = NO;
				SDKROOT = iphoneos;
				VALIDATE_PRODUCT = YES;
			};
			name = Release;
		};
		FA6332841B8B33610029D46E /* Debug */ = {
			isa = XCBuildConfiguration;
			baseConfigurationReference = 16F794CE987025BFC1523592 /* Pods-OngsDonate.debug.xcconfig */;
			buildSettings = {
				ASSETCATALOG_COMPILER_APPICON_NAME = AppIcon;
				INFOPLIST_FILE = OngsDonate/Info.plist;
				LD_RUNPATH_SEARCH_PATHS = "$(inherited) @executable_path/Frameworks";
				PRODUCT_NAME = "$(TARGET_NAME)";
			};
			name = Debug;
		};
		FA6332851B8B33610029D46E /* Release */ = {
			isa = XCBuildConfiguration;
			baseConfigurationReference = 9C332DB3ED9D65004C88531A /* Pods-OngsDonate.release.xcconfig */;
			buildSettings = {
				ASSETCATALOG_COMPILER_APPICON_NAME = AppIcon;
				INFOPLIST_FILE = OngsDonate/Info.plist;
				LD_RUNPATH_SEARCH_PATHS = "$(inherited) @executable_path/Frameworks";
				PRODUCT_NAME = "$(TARGET_NAME)";
			};
			name = Release;
		};
		FA6332871B8B33610029D46E /* Debug */ = {
			isa = XCBuildConfiguration;
			buildSettings = {
				BUNDLE_LOADER = "$(TEST_HOST)";
				FRAMEWORK_SEARCH_PATHS = (
					"$(SDKROOT)/Developer/Library/Frameworks",
					"$(inherited)",
				);
				GCC_PREPROCESSOR_DEFINITIONS = (
					"DEBUG=1",
					"$(inherited)",
				);
				INFOPLIST_FILE = OngsDonateTests/Info.plist;
				LD_RUNPATH_SEARCH_PATHS = "$(inherited) @executable_path/Frameworks @loader_path/Frameworks";
				PRODUCT_NAME = "$(TARGET_NAME)";
				TEST_HOST = "$(BUILT_PRODUCTS_DIR)/OngsDonate.app/OngsDonate";
			};
			name = Debug;
		};
		FA6332881B8B33610029D46E /* Release */ = {
			isa = XCBuildConfiguration;
			buildSettings = {
				BUNDLE_LOADER = "$(TEST_HOST)";
				FRAMEWORK_SEARCH_PATHS = (
					"$(SDKROOT)/Developer/Library/Frameworks",
					"$(inherited)",
				);
				INFOPLIST_FILE = OngsDonateTests/Info.plist;
				LD_RUNPATH_SEARCH_PATHS = "$(inherited) @executable_path/Frameworks @loader_path/Frameworks";
				PRODUCT_NAME = "$(TARGET_NAME)";
				TEST_HOST = "$(BUILT_PRODUCTS_DIR)/OngsDonate.app/OngsDonate";
			};
			name = Release;
		};
/* End XCBuildConfiguration section */

/* Begin XCConfigurationList section */
		FA63325B1B8B33610029D46E /* Build configuration list for PBXProject "OngsDonate" */ = {
			isa = XCConfigurationList;
			buildConfigurations = (
				FA6332811B8B33610029D46E /* Debug */,
				FA6332821B8B33610029D46E /* Release */,
			);
			defaultConfigurationIsVisible = 0;
			defaultConfigurationName = Release;
		};
		FA6332831B8B33610029D46E /* Build configuration list for PBXNativeTarget "OngsDonate" */ = {
			isa = XCConfigurationList;
			buildConfigurations = (
				FA6332841B8B33610029D46E /* Debug */,
				FA6332851B8B33610029D46E /* Release */,
			);
			defaultConfigurationIsVisible = 0;
			defaultConfigurationName = Release;
		};
		FA6332861B8B33610029D46E /* Build configuration list for PBXNativeTarget "OngsDonateTests" */ = {
			isa = XCConfigurationList;
			buildConfigurations = (
				FA6332871B8B33610029D46E /* Debug */,
				FA6332881B8B33610029D46E /* Release */,
			);
			defaultConfigurationIsVisible = 0;
			defaultConfigurationName = Release;
		};
/* End XCConfigurationList section */
	};
	rootObject = FA6332581B8B33610029D46E /* Project object */;
}
